Microsoft Visual Studio Solution File, Format Version 12.00
# Visual Studio Version 17
VisualStudioVersion = 17.5.2.0
MinimumVisualStudioVersion = 10.0.40219.1
Project("{FAE04EC0-301F-11D3-BF4B-00C04F79EFBC}") = "Bucles", "Bucles.csproj", "{8526208C-A721-EAA2-66AE-F32D86BA6B54}"
EndProject
Global
	GlobalSection(SolutionConfigurationPlatforms) = preSolution
		Debug|Any CPU = Debug|Any CPU
		Release|Any CPU = Release|Any CPU
	EndGlobalSection
	GlobalSection(ProjectConfigurationPlatforms) = postSolution
		{8526208C-A721-EAA2-66AE-F32D86BA6B54}.Debug|Any CPU.ActiveCfg = Debug|Any CPU
		{8526208C-A721-EAA2-66AE-F32D86BA6B54}.Debug|Any CPU.Build.0 = Debug|Any CPU
		{8526208C-A721-EAA2-66AE-F32D86BA6B54}.Release|Any CPU.ActiveCfg = Release|Any CPU
		{8526208C-A721-EAA2-66AE-F32D86BA6B54}.Release|Any CPU.Build.0 = Release|Any CPU
	EndGlobalSection
	GlobalSection(SolutionProperties) = preSolution
		HideSolutionNode = FALSE
	EndGlobalSection
	GlobalSection(ExtensibilityGlobals) = postSolution
		SolutionGuid = {64346DEF-C966-438F-908A-42E8EF5FA115}
	EndGlobalSection
EndGlobal
